
Microsoft Visual Studio Solution File, Format Version 12.00
# Visual Studio 15
VisualStudioVersion = 15.0.28307.902
MinimumVisualStudioVersion = 10.0.40219.1
Project("{8BC9CEB8-8B4A-11D0-8D11-00A0C91BC942}") = "ConsoleApplication1", "ConsoleApplication1\ConsoleApplication1.vcxproj", "{11E3C195-AF7E-4D95-A933-3A2856B97747}"
EndProject
Project("{8BC9CEB8-8B4A-11D0-8D11-00A0C91BC942}") = "类的相关定义", "类的相关定义\类的相关定义.vcxproj", "{71B04475-8DA9-4568-856A-7B9DFAFDC937}"
EndProject
Project("{8BC9CEB8-8B4A-11D0-8D11-00A0C91BC942}") = "运算符重载", "运算符重载\运算符重载.vcxproj", "{68D466F0-DCA2-4A51-B9E8-75A235B04027}"
EndProject
Project("{8BC9CEB8-8B4A-11D0-8D11-00A0C91BC942}") = "SunlandDemos", "SunlandDemos\SunlandDemos.vcxproj", "{271C9934-2182-4B5D-BF5A-A6318DD34A7B}"
EndProject
Global
	GlobalSection(SolutionConfigurationPlatforms) = preSolution
		Debug|x64 = Debug|x64
		Debug|x86 = Debug|x86
		Release|x64 = Release|x64
		Release|x86 = Release|x86
	EndGlobalSection
	GlobalSection(ProjectConfigurationPlatforms) = postSolution
		{11E3C195-AF7E-4D95-A933-3A2856B97747}.Debug|x64.ActiveCfg = Debug|x64
		{11E3C195-AF7E-4D95-A933-3A2856B97747}.Debug|x64.Build.0 = Debug|x64
		{11E3C195-AF7E-4D95-A933-3A2856B97747}.Debug|x86.ActiveCfg = Debug|Win32
		{11E3C195-AF7E-4D95-A933-3A2856B97747}.Debug|x86.Build.0 = Debug|Win32
		{11E3C195-AF7E-4D95-A933-3A2856B97747}.Release|x64.ActiveCfg = Release|x64
		{11E3C195-AF7E-4D95-A933-3A2856B97747}.Release|x64.Build.0 = Release|x64
		{11E3C195-AF7E-4D95-A933-3A2856B97747}.Release|x86.ActiveCfg = Release|Win32
		{11E3C195-AF7E-4D95-A933-3A2856B97747}.Release|x86.Build.0 = Release|Win32
		{71B04475-8DA9-4568-856A-7B9DFAFDC937}.Debug|x64.ActiveCfg = Debug|x64
		{71B04475-8DA9-4568-856A-7B9DFAFDC937}.Debug|x64.Build.0 = Debug|x64
		{71B04475-8DA9-4568-856A-7B9DFAFDC937}.Debug|x86.ActiveCfg = Debug|Win32
		{71B04475-8DA9-4568-856A-7B9DFAFDC937}.Debug|x86.Build.0 = Debug|Win32
		{71B04475-8DA9-4568-856A-7B9DFAFDC937}.Release|x64.ActiveCfg = Release|x64
		{71B04475-8DA9-4568-856A-7B9DFAFDC937}.Release|x64.Build.0 = Release|x64
		{71B04475-8DA9-4568-856A-7B9DFAFDC937}.Release|x86.ActiveCfg = Release|Win32
		{71B04475-8DA9-4568-856A-7B9DFAFDC937}.Release|x86.Build.0 = Release|Win32
		{68D466F0-DCA2-4A51-B9E8-75A235B04027}.Debug|x64.ActiveCfg = Debug|x64
		{68D466F0-DCA2-4A51-B9E8-75A235B04027}.Debug|x64.Build.0 = Debug|x64
		{68D466F0-DCA2-4A51-B9E8-75A235B04027}.Debug|x86.ActiveCfg = Debug|Win32
		{68D466F0-DCA2-4A51-B9E8-75A235B04027}.Debug|x86.Build.0 = Debug|Win32
		{68D466F0-DCA2-4A51-B9E8-75A235B04027}.Release|x64.ActiveCfg = Release|x64
		{68D466F0-DCA2-4A51-B9E8-75A235B04027}.Release|x64.Build.0 = Release|x64
		{68D466F0-DCA2-4A51-B9E8-75A235B04027}.Release|x86.ActiveCfg = Release|Win32
		{68D466F0-DCA2-4A51-B9E8-75A235B04027}.Release|x86.Build.0 = Release|Win32
		{271C9934-2182-4B5D-BF5A-A6318DD34A7B}.Debug|x64.ActiveCfg = Debug|x64
		{271C9934-2182-4B5D-BF5A-A6318DD34A7B}.Debug|x64.Build.0 = Debug|x64
		{271C9934-2182-4B5D-BF5A-A6318DD34A7B}.Debug|x86.ActiveCfg = Debug|Win32
		{271C9934-2182-4B5D-BF5A-A6318DD34A7B}.Debug|x86.Build.0 = Debug|Win32
		{271C9934-2182-4B5D-BF5A-A6318DD34A7B}.Release|x64.ActiveCfg = Release|x64
		{271C9934-2182-4B5D-BF5A-A6318DD34A7B}.Release|x64.Build.0 = Release|x64
		{271C9934-2182-4B5D-BF5A-A6318DD34A7B}.Release|x86.ActiveCfg = Release|Win32
		{271C9934-2182-4B5D-BF5A-A6318DD34A7B}.Release|x86.Build.0 = Release|Win32
	EndGlobalSection
	GlobalSection(SolutionProperties) = preSolution
		HideSolutionNode = FALSE
	EndGlobalSection
	GlobalSection(ExtensibilityGlobals) = postSolution
		SolutionGuid = {FCB8E703-A447-432D-AFF2-09D22B02DC07}
	EndGlobalSection
EndGlobal
